
Microsoft Visual Studio Solution File, Format Version 12.00
# Visual Studio 14
VisualStudioVersion = 14.0.25420.1
MinimumVisualStudioVersion = 10.0.40219.1
Project("{2150E333-8FDC-42A3-9474-1A3956D46DE8}") = "src", "src", "{497C7877-6EE8-4BB0-803A-A4B16BBD1223}"
EndProject
Project("{2150E333-8FDC-42A3-9474-1A3956D46DE8}") = "Solution Items", "Solution Items", "{A0A1321E-4B6C-4D20-AA8E-114F6E522AA5}"
	ProjectSection(SolutionItems) = preProject
		global.json = global.json
	EndProjectSection
EndProject
Project("{8BB2217D-0F2D-49D1-97BC-3654ED321F3B}") = "Lab4", "src\Lab4\Lab4.xproj", "{DDE183C4-6221-4F1E-AFE6-85E6314248FC}"
EndProject
Global
	GlobalSection(SolutionConfigurationPlatforms) = preSolution
		Debug|Any CPU = Debug|Any CPU
		Release|Any CPU = Release|Any CPU
	EndGlobalSection
	GlobalSection(ProjectConfigurationPlatforms) = postSolution
		{DDE183C4-6221-4F1E-AFE6-85E6314248FC}.Debug|Any CPU.ActiveCfg = Debug|Any CPU
		{DDE183C4-6221-4F1E-AFE6-85E6314248FC}.Debug|Any CPU.Build.0 = Debug|Any CPU
		{DDE183C4-6221-4F1E-AFE6-85E6314248FC}.Release|Any CPU.ActiveCfg = Release|Any CPU
		{DDE183C4-6221-4F1E-AFE6-85E6314248FC}.Release|Any CPU.Build.0 = Release|Any CPU
	EndGlobalSection
	GlobalSection(SolutionProperties) = preSolution
		HideSolutionNode = FALSE
	EndGlobalSection
	GlobalSection(NestedProjects) = preSolution
		{DDE183C4-6221-4F1E-AFE6-85E6314248FC} = {497C7877-6EE8-4BB0-803A-A4B16BBD1223}
	EndGlobalSection
EndGlobal
